
Microsoft Visual Studio Solution File, Format Version 12.00
# Visual Studio Version 16
VisualStudioVersion = 16.0.30011.22
MinimumVisualStudioVersion = 10.0.40219.1
Project("{FAE04EC0-301F-11D3-BF4B-00C04F79EFBC}") = "task8", "task8\task8.csproj", "{96D4F052-6536-4BEC-8D78-F7747DF22466}"
EndProject
Global
	GlobalSection(SolutionConfigurationPlatforms) = preSolution
		Debug|Any CPU = Debug|Any CPU
		Release|Any CPU = Release|Any CPU
	EndGlobalSection
	GlobalSection(ProjectConfigurationPlatforms) = postSolution
		{96D4F052-6536-4BEC-8D78-F7747DF22466}.Debug|Any CPU.ActiveCfg = Debug|Any CPU
		{96D4F052-6536-4BEC-8D78-F7747DF22466}.Debug|Any CPU.Build.0 = Debug|Any CPU
		{96D4F052-6536-4BEC-8D78-F7747DF22466}.Release|Any CPU.ActiveCfg = Release|Any CPU
		{96D4F052-6536-4BEC-8D78-F7747DF22466}.Release|Any CPU.Build.0 = Release|Any CPU
	EndGlobalSection
	GlobalSection(SolutionProperties) = preSolution
		HideSolutionNode = FALSE
	EndGlobalSection
	GlobalSection(ExtensibilityGlobals) = postSolution
		SolutionGuid = {7C98EABD-E489-4AD7-A483-17C9BF4E9298}
	EndGlobalSection
EndGlobal
